
Microsoft Visual Studio Solution File, Format Version 12.00
# Visual Studio Version 16
VisualStudioVersion = 16.0.31410.357
MinimumVisualStudioVersion = 10.0.40219.1
Project("{2150E333-8FDC-42A3-9474-1A3956D46DE8}") = "Services", "Services", "{347ED7B1-E331-40F5-AE9B-C20FCE7C1895}"
EndProject
Project("{2150E333-8FDC-42A3-9474-1A3956D46DE8}") = "Catalog", "Catalog", "{165FA6A9-0089-4D58-8F10-6ED70025E94C}"
EndProject
Project("{FAE04EC0-301F-11D3-BF4B-00C04F79EFBC}") = "Catalog.API", "Services\Catalog\Catalog.API\Catalog.API.csproj", "{98554C7A-01DE-4326-94E7-9D68312D9022}"
EndProject
Global
	GlobalSection(SolutionConfigurationPlatforms) = preSolution
		Debug|Any CPU = Debug|Any CPU
		Release|Any CPU = Release|Any CPU
	EndGlobalSection
	GlobalSection(ProjectConfigurationPlatforms) = postSolution
		{98554C7A-01DE-4326-94E7-9D68312D9022}.Debug|Any CPU.ActiveCfg = Debug|Any CPU
		{98554C7A-01DE-4326-94E7-9D68312D9022}.Debug|Any CPU.Build.0 = Debug|Any CPU
		{98554C7A-01DE-4326-94E7-9D68312D9022}.Release|Any CPU.ActiveCfg = Release|Any CPU
		{98554C7A-01DE-4326-94E7-9D68312D9022}.Release|Any CPU.Build.0 = Release|Any CPU
	EndGlobalSection
	GlobalSection(SolutionProperties) = preSolution
		HideSolutionNode = FALSE
	EndGlobalSection
	GlobalSection(NestedProjects) = preSolution
		{165FA6A9-0089-4D58-8F10-6ED70025E94C} = {347ED7B1-E331-40F5-AE9B-C20FCE7C1895}
		{98554C7A-01DE-4326-94E7-9D68312D9022} = {165FA6A9-0089-4D58-8F10-6ED70025E94C}
	EndGlobalSection
	GlobalSection(ExtensibilityGlobals) = postSolution
		SolutionGuid = {0A3CDBC5-D5E6-414E-AEAC-F4FE6D0709B2}
	EndGlobalSection
EndGlobal
